$begin 'ConnectionParameters'
	DesktopProcessID=15100
	DesktopProcessPath='D:\\StudySoftware\\Program Files\\AnsysEM\\AnsysEM16.1\\Win64\\maxwell.exe'
	LaunchedByWB=false
	$begin 'DesktopStubBlock'
		$begin 'CommDetails'
			TransportType=1
			IPAddress='192.168.0.153'
			ListenPort='62159'
		$end 'CommDetails'
		$begin 'Marshall'
			InstanceID=503
			ProcID=15100
			InterfaceID=1
			FactoryIntID='DesktopInterfaceForWBProxyStubFactory'
		$end 'Marshall'
	$end 'DesktopStubBlock'
	$begin 'DesktopBackgroundObjStubBlock'
		$begin 'CommDetails'
			TransportType=1
			IPAddress='192.168.0.153'
			ListenPort='62159'
		$end 'CommDetails'
		$begin 'Marshall'
			InstanceID=505
			ProcID=15100
			InterfaceID=2
			FactoryIntID='DesktopInterfaceForWBProxyStubFactory'
		$end 'Marshall'
	$end 'DesktopBackgroundObjStubBlock'
$end 'ConnectionParameters'
